
Microsoft Visual Studio Solution File, Format Version 12.00
# Visual Studio 15
VisualStudioVersion = 15.0.28307.852
MinimumVisualStudioVersion = 10.0.40219.1
Project("{8BC9CEB8-8B4A-11D0-8D11-00A0C91BC942}") = "BricksOfDeath", "BricksOfDeath\BricksOfDeath.vcxproj", "{7626C99E-20E5-4CE1-98BD-146DE603DCC9}"
EndProject
Global
	GlobalSection(SolutionConfigurationPlatforms) = preSolution
		Debug|x64 = Debug|x64
		Debug|x86 = Debug|x86
		Release|x64 = Release|x64
		Release|x86 = Release|x86
	EndGlobalSection
	GlobalSection(ProjectConfigurationPlatforms) = postSolution
		{7626C99E-20E5-4CE1-98BD-146DE603DCC9}.Debug|x64.ActiveCfg = Debug|x64
		{7626C99E-20E5-4CE1-98BD-146DE603DCC9}.Debug|x64.Build.0 = Debug|x64
		{7626C99E-20E5-4CE1-98BD-146DE603DCC9}.Debug|x86.ActiveCfg = Debug|Win32
		{7626C99E-20E5-4CE1-98BD-146DE603DCC9}.Debug|x86.Build.0 = Debug|Win32
		{7626C99E-20E5-4CE1-98BD-146DE603DCC9}.Release|x64.ActiveCfg = Release|x64
		{7626C99E-20E5-4CE1-98BD-146DE603DCC9}.Release|x64.Build.0 = Release|x64
		{7626C99E-20E5-4CE1-98BD-146DE603DCC9}.Release|x86.ActiveCfg = Release|Win32
		{7626C99E-20E5-4CE1-98BD-146DE603DCC9}.Release|x86.Build.0 = Release|Win32
	EndGlobalSection
	GlobalSection(SolutionProperties) = preSolution
		HideSolutionNode = FALSE
	EndGlobalSection
	GlobalSection(ExtensibilityGlobals) = postSolution
		SolutionGuid = {8E67BF80-6649-40A1-B553-B3E0EAF4C2B3}
	EndGlobalSection
EndGlobal
